
Microsoft Visual Studio Solution File, Format Version 12.00
# Visual Studio 2013
VisualStudioVersion = 12.0.30723.0
MinimumVisualStudioVersion = 10.0.40219.1
Project("{FAE04EC0-301F-11D3-BF4B-00C04F79EFBC}") = "SAMS", "SAMS\SAMS.csproj", "{B5D8E3AA-742A-4F16-B376-33BB7DDBDEC1}"
EndProject
Project("{FAE04EC0-301F-11D3-BF4B-00C04F79EFBC}") = "SAMS.Models", "SAMS.Models\SAMS.Models.csproj", "{37AC1768-F23E-459C-9A1E-151D5E5E49CA}"
EndProject
Project("{FAE04EC0-301F-11D3-BF4B-00C04F79EFBC}") = "SAMS.Logic", "SAMS.Logic\SAMS.Logic.csproj", "{CA1B10AD-0FA0-4B77-9B5F-A5BD304C5923}"
EndProject
Project("{FAE04EC0-301F-11D3-BF4B-00C04F79EFBC}") = "SAMS.Repository", "SAMS.Repository\SAMS.Repository.csproj", "{7ADB2BBA-C114-439B-BF94-118668326B9E}"
EndProject
Global
	GlobalSection(SolutionConfigurationPlatforms) = preSolution
		Debug|Any CPU = Debug|Any CPU
		Release|Any CPU = Release|Any CPU
	EndGlobalSection
	GlobalSection(ProjectConfigurationPlatforms) = postSolution
		{B5D8E3AA-742A-4F16-B376-33BB7DDBDEC1}.Debug|Any CPU.ActiveCfg = Debug|Any CPU
		{B5D8E3AA-742A-4F16-B376-33BB7DDBDEC1}.Debug|Any CPU.Build.0 = Debug|Any CPU
		{B5D8E3AA-742A-4F16-B376-33BB7DDBDEC1}.Release|Any CPU.ActiveCfg = Release|Any CPU
		{B5D8E3AA-742A-4F16-B376-33BB7DDBDEC1}.Release|Any CPU.Build.0 = Release|Any CPU
		{37AC1768-F23E-459C-9A1E-151D5E5E49CA}.Debug|Any CPU.ActiveCfg = Debug|Any CPU
		{37AC1768-F23E-459C-9A1E-151D5E5E49CA}.Debug|Any CPU.Build.0 = Debug|Any CPU
		{37AC1768-F23E-459C-9A1E-151D5E5E49CA}.Release|Any CPU.ActiveCfg = Release|Any CPU
		{37AC1768-F23E-459C-9A1E-151D5E5E49CA}.Release|Any CPU.Build.0 = Release|Any CPU
		{CA1B10AD-0FA0-4B77-9B5F-A5BD304C5923}.Debug|Any CPU.ActiveCfg = Debug|Any CPU
		{CA1B10AD-0FA0-4B77-9B5F-A5BD304C5923}.Debug|Any CPU.Build.0 = Debug|Any CPU
		{CA1B10AD-0FA0-4B77-9B5F-A5BD304C5923}.Release|Any CPU.ActiveCfg = Release|Any CPU
		{CA1B10AD-0FA0-4B77-9B5F-A5BD304C5923}.Release|Any CPU.Build.0 = Release|Any CPU
		{7ADB2BBA-C114-439B-BF94-118668326B9E}.Debug|Any CPU.ActiveCfg = Debug|Any CPU
		{7ADB2BBA-C114-439B-BF94-118668326B9E}.Debug|Any CPU.Build.0 = Debug|Any CPU
		{7ADB2BBA-C114-439B-BF94-118668326B9E}.Release|Any CPU.ActiveCfg = Release|Any CPU
		{7ADB2BBA-C114-439B-BF94-118668326B9E}.Release|Any CPU.Build.0 = Release|Any CPU
	EndGlobalSection
	GlobalSection(SolutionProperties) = preSolution
		HideSolutionNode = FALSE
	EndGlobalSection
EndGlobal
